// !$*UTF8*$!
{
	archiveVersion = 1;
	classes = {
	};
	objectVersion = 54;
	objects = {

/* Begin PBXBuildFile section */
		00E356F31AD99517003FC87E /* reactNativeCyclesTests.m in Sources */ = {isa = PBXBuildFile; fileRef = 00E356F21AD99517003FC87E /* reactNativeCyclesTests.m */; };
		13B07FBC1A68108700A75B9A /* AppDelegate.m in Sources */ = {isa = PBXBuildFile; fileRef = 13B07FB01A68108700A75B9A /* AppDelegate.m */; };
		13B07FBF1A68108700A75B9A /* Images.xcassets in Resources */ = {isa = PBXBuildFile; fileRef = 13B07FB51A68108700A75B9A /* Images.xcassets */; };
		13B07FC11A68108700A75B9A /* main.m in Sources */ = {isa = PBXBuildFile; fileRef = 13B07FB71A68108700A75B9A /* main.m */; };
		1D4A8B5149844D058537FF37 /* NotoSansJP-Thin.otf in Resources */ = {isa = PBXBuildFile; fileRef = 2383A3DBC948425D968DF85C /* NotoSansJP-Thin.otf */; };
		20895CCFF3984FFF9CABBF26 /* RobotoCondensed-Regular.ttf in Resources */ = {isa = PBXBuildFile; fileRef = 0746DA792E9945D4971E9926 /* RobotoCondensed-Regular.ttf */; };
		21B4735DAADB493782D04DDA /* NotoSansJP-Light.otf in Resources */ = {isa = PBXBuildFile; fileRef = 1FA1B13F70EC44E0BE881354 /* NotoSansJP-Light.otf */; };
		263EFCC7A47E4FBFB14753C7 /* NotoSansJP-Regular.otf in Resources */ = {isa = PBXBuildFile; fileRef = 43596F0CA4BC4863AC25F545 /* NotoSansJP-Regular.otf */; };
		2ED6181244774F6C929C3997 /* Roboto-ThinItalic.ttf in Resources */ = {isa = PBXBuildFile; fileRef = 56B386E6864B476F9F6C4246 /* Roboto-ThinItalic.ttf */; };
		308616D805FD4288983F19F6 /* Roboto-Light.ttf in Resources */ = {isa = PBXBuildFile; fileRef = AAB291EF031F4B4AA553A9D3 /* Roboto-Light.ttf */; };
		3D77CC37DA014777B43CBAC5 /* NotoSansJP-Medium.otf in Resources */ = {isa = PBXBuildFile; fileRef = 9446C3AB362F48FAA1B40E84 /* NotoSansJP-Medium.otf */; };
		45D2ACD3240A4C8FBE17DE32 /* Roboto-Italic.ttf in Resources */ = {isa = PBXBuildFile; fileRef = A8850C829AB7463BAEFF2902 /* Roboto-Italic.ttf */; };
		4A0F9909A4D95C7D37B414D9 /* libPods-reactNativeCycles-reactNativeCyclesTests.a in Frameworks */ = {isa = PBXBuildFile; fileRef = 5C73EF4E78A84486606B656B /* libPods-reactNativeCycles-reactNativeCyclesTests.a */; };
		511BEF3CD15DE15FEBC385BE /* libPods-reactNativeCycles.a in Frameworks */ = {isa = PBXBuildFile; fileRef = 0D90C76561A28878B7377728 /* libPods-reactNativeCycles.a */; };
		57AD37A075AE4A89BB3D6CC4 /* Roboto-Black.ttf in Resources */ = {isa = PBXBuildFile; fileRef = CB898B5F7D524164BC02D5B8 /* Roboto-Black.ttf */; };
		694C926A1B854AC7A9834C1C /* NotoSansJP-Bold.otf in Resources */ = {isa = PBXBuildFile; fileRef = 3829140211304B59B55D2C7B /* NotoSansJP-Bold.otf */; };
		7EB81BF3EDE243D8A524CE8A /* RobotoCondensed-Bold.ttf in Resources */ = {isa = PBXBuildFile; fileRef = E0266EA3F1904484B6FFDA78 /* RobotoCondensed-Bold.ttf */; };
		81AB9BB82411601600AC10FF /* LaunchScreen.storyboard in Resources */ = {isa = PBXBuildFile; fileRef = 81AB9BB72411601600AC10FF /* LaunchScreen.storyboard */; };
		85A35E68D80047F4BE01FD63 /* Roboto-Bold.ttf in Resources */ = {isa = PBXBuildFile; fileRef = CD42109FB7F14E578AFC5431 /* Roboto-Bold.ttf */; };
		8C87CF50C69849D7B7C784FE /* Roboto-Regular.ttf in Resources */ = {isa = PBXBuildFile; fileRef = EA014D7E47DE43F599A4065B /* Roboto-Regular.ttf */; };
		90A510532A11491BBF184089 /* Roboto-BlackItalic.ttf in Resources */ = {isa = PBXBuildFile; fileRef = 256FD75501954310B076D085 /* Roboto-BlackItalic.ttf */; };
		937F8AEF28C64368BD33F7E2 /* Roboto-MediumItalic.ttf in Resources */ = {isa = PBXBuildFile; fileRef = 2FD7992673484FDA84BE3EE0 /* Roboto-MediumItalic.ttf */; };
		94CFEB65A84B4115989E4859 /* Roboto-LightItalic.ttf in Resources */ = {isa = PBXBuildFile; fileRef = D514337E99534B71A4FF66FA /* Roboto-LightItalic.ttf */; };
		9B613CD24D4A4109895BEFEC /* RobotoCondensed-LightItalic.ttf in Resources */ = {isa = PBXBuildFile; fileRef = F39C8716876B4E738B2DA415 /* RobotoCondensed-LightItalic.ttf */; };
		B487C7BDC24B4826BD149384 /* Roboto-BoldItalic.ttf in Resources */ = {isa = PBXBuildFile; fileRef = 70C0CF5C602C413DB3A72A7D /* Roboto-BoldItalic.ttf */; };
		B679B35D33434F529E8D8709 /* RobotoCondensed-BoldItalic.ttf in Resources */ = {isa = PBXBuildFile; fileRef = EFB00F368D304A6F840FABEB /* RobotoCondensed-BoldItalic.ttf */; };
		B880834C1AA74CE2869F8D29 /* NotoSansJP-Black.otf in Resources */ = {isa = PBXBuildFile; fileRef = D74316DF1022477699956BBE /* NotoSansJP-Black.otf */; };
		D8DB8357310C4E16A8A5E8D0 /* Roboto-Medium.ttf in Resources */ = {isa = PBXBuildFile; fileRef = EE9C2B25997B43DCBBF993D3 /* Roboto-Medium.ttf */; };
		DD1C93CEE95D458DA2C6DAEF /* RobotoCondensed-Italic.ttf in Resources */ = {isa = PBXBuildFile; fileRef = 79C1BE569F5A4D29B46330F7 /* RobotoCondensed-Italic.ttf */; };
		DF9CA42CD77D4BAE8AAA5A44 /* RobotoCondensed-Light.ttf in Resources */ = {isa = PBXBuildFile; fileRef = 6A54E732B5AE407BB8E16B39 /* RobotoCondensed-Light.ttf */; };
		F20D668BBBD34830A99E58AA /* argon.ttf in Resources */ = {isa = PBXBuildFile; fileRef = 673F8F7DDAD5486B84BF2049 /* argon.ttf */; };
		FA67CBD51938426A9C413084 /* Roboto-Thin.ttf in Resources */ = {isa = PBXBuildFile; fileRef = F666D598E4F644E0AAD1C552 /* Roboto-Thin.ttf */; };
/* End PBXBuildFile section */

/* Begin PBXContainerItemProxy section */
		00E356F41AD99517003FC87E /* PBXContainerItemProxy */ = {
			isa = PBXContainerItemProxy;
			containerPortal = 83CBB9F71A601CBA00E9B192 /* Project object */;
			proxyType = 1;
			remoteGlobalIDString = 13B07F861A680F5B00A75B9A;
			remoteInfo = reactNativeCycles;
		};
/* End PBXContainerItemProxy section */

/* Begin PBXFileReference section */
		00E356EE1AD99517003FC87E /* reactNativeCyclesTests.xctest */ = {isa = PBXFileReference; explicitFileType = wrapper.cfbundle; includeInIndex = 0; path = reactNativeCyclesTests.xctest; sourceTree = BUILT_PRODUCTS_DIR; };
		00E356F11AD99517003FC87E /* Info.plist */ = {isa = PBXFileReference; lastKnownFileType = text.plist.xml; path = Info.plist; sourceTree = "<group>"; };
		00E356F21AD99517003FC87E /* reactNativeCyclesTests.m */ = {isa = PBXFileReference; lastKnownFileType = sourcecode.c.objc; path = reactNativeCyclesTests.m; sourceTree = "<group>"; };
		0746DA792E9945D4971E9926 /* RobotoCondensed-Regular.ttf */ = {isa = PBXFileReference; explicitFileType = undefined; fileEncoding = undefined; includeInIndex = 0; lastKnownFileType = unknown; name = "RobotoCondensed-Regular.ttf"; path = "../assets/fonts/RobotoCondensed-Regular.ttf"; sourceTree = "<group>"; };
		0D90C76561A28878B7377728 /* libPods-reactNativeCycles.a */ = {isa = PBXFileReference; explicitFileType = archive.ar; includeInIndex = 0; path = "libPods-reactNativeCycles.a"; sourceTree = BUILT_PRODUCTS_DIR; };
		13B07F961A680F5B00A75B9A /* reactNativeCycles.app */ = {isa = PBXFileReference; explicitFileType = wrapper.application; includeInIndex = 0; path = reactNativeCycles.app; sourceTree = BUILT_PRODUCTS_DIR; };
		13B07FAF1A68108700A75B9A /* AppDelegate.h */ = {isa = PBXFileReference; fileEncoding = 4; lastKnownFileType = sourcecode.c.h; name = AppDelegate.h; path = reactNativeCycles/AppDelegate.h; sourceTree = "<group>"; };
		13B07FB01A68108700A75B9A /* AppDelegate.m */ = {isa = PBXFileReference; fileEncoding = 4; lastKnownFileType = sourcecode.c.objc; name = AppDelegate.m; path = reactNativeCycles/AppDelegate.m; sourceTree = "<group>"; };
		13B07FB51A68108700A75B9A /* Images.xcassets */ = {isa = PBXFileReference; lastKnownFileType = folder.assetcatalog; name = Images.xcassets; path = reactNativeCycles/Images.xcassets; sourceTree = "<group>"; };
		13B07FB61A68108700A75B9A /* Info.plist */ = {isa = PBXFileReference; fileEncoding = 4; lastKnownFileType = text.plist.xml; name = Info.plist; path = reactNativeCycles/Info.plist; sourceTree = "<group>"; };
		13B07FB71A68108700A75B9A /* main.m */ = {isa = PBXFileReference; fileEncoding = 4; lastKnownFileType = sourcecode.c.objc; name = main.m; path = reactNativeCycles/main.m; sourceTree = "<group>"; };
		1FA1B13F70EC44E0BE881354 /* NotoSansJP-Light.otf */ = {isa = PBXFileReference; explicitFileType = undefined; fileEncoding = undefined; includeInIndex = 0; lastKnownFileType = unknown; name = "NotoSansJP-Light.otf"; path = "../assets/fonts/NotoSansJP-Light.otf"; sourceTree = "<group>"; };
		2383A3DBC948425D968DF85C /* NotoSansJP-Thin.otf */ = {isa = PBXFileReference; explicitFileType = undefined; fileEncoding = undefined; includeInIndex = 0; lastKnownFileType = unknown; name = "NotoSansJP-Thin.otf"; path = "../assets/fonts/NotoSansJP-Thin.otf"; sourceTree = "<group>"; };
		256FD75501954310B076D085 /* Roboto-BlackItalic.ttf */ = {isa = PBXFileReference; explicitFileType = undefined; fileEncoding = undefined; includeInIndex = 0; lastKnownFileType = unknown; name = "Roboto-BlackItalic.ttf"; path = "../assets/fonts/Roboto-BlackItalic.ttf"; sourceTree = "<group>"; };
		2FD7992673484FDA84BE3EE0 /* Roboto-MediumItalic.ttf */ = {isa = PBXFileReference; explicitFileType = undefined; fileEncoding = undefined; includeInIndex = 0; lastKnownFileType = unknown; name = "Roboto-MediumItalic.ttf"; path = "../assets/fonts/Roboto-MediumItalic.ttf"; sourceTree = "<group>"; };
		3829140211304B59B55D2C7B /* NotoSansJP-Bold.otf */ = {isa = PBXFileReference; explicitFileType = undefined; fileEncoding = undefined; includeInIndex = 0; lastKnownFileType = unknown; name = "NotoSansJP-Bold.otf"; path = "../assets/fonts/NotoSansJP-Bold.otf"; sourceTree = "<group>"; };
		3EA80CCF8E201F1892DA5CBA /* Pods-reactNativeCycles-reactNativeCyclesTests.debug.xcconfig */ = {isa = PBXFileReference; includeInIndex = 1; lastKnownFileType = text.xcconfig; name = "Pods-reactNativeCycles-reactNativeCyclesTests.debug.xcconfig"; path = "Target Support Files/Pods-reactNativeCycles-reactNativeCyclesTests/Pods-reactNativeCycles-reactNativeCyclesTests.debug.xcconfig"; sourceTree = "<group>"; };
		43596F0CA4BC4863AC25F545 /* NotoSansJP-Regular.otf */ = {isa = PBXFileReference; explicitFileType = undefined; fileEncoding = undefined; includeInIndex = 0; lastKnownFileType = unknown; name = "NotoSansJP-Regular.otf"; path = "../assets/fonts/NotoSansJP-Regular.otf"; sourceTree = "<group>"; };
		537245B8D934C6D06D53B863 /* Pods-reactNativeCycles.debug.xcconfig */ = {isa = PBXFileReference; includeInIndex = 1; lastKnownFileType = text.xcconfig; name = "Pods-reactNativeCycles.debug.xcconfig"; path = "Target Support Files/Pods-reactNativeCycles/Pods-reactNativeCycles.debug.xcconfig"; sourceTree = "<group>"; };
		56B386E6864B476F9F6C4246 /* Roboto-ThinItalic.ttf */ = {isa = PBXFileReference; explicitFileType = undefined; fileEncoding = undefined; includeInIndex = 0; lastKnownFileType = unknown; name = "Roboto-ThinItalic.ttf"; path = "../assets/fonts/Roboto-ThinItalic.ttf"; sourceTree = "<group>"; };
		5C73EF4E78A84486606B656B /* libPods-reactNativeCycles-reactNativeCyclesTests.a */ = {isa = PBXFileReference; explicitFileType = archive.ar; includeInIndex = 0; path = "libPods-reactNativeCycles-reactNativeCyclesTests.a"; sourceTree = BUILT_PRODUCTS_DIR; };
		673F8F7DDAD5486B84BF2049 /* argon.ttf */ = {isa = PBXFileReference; explicitFileType = undefined; fileEncoding = undefined; includeInIndex = 0; lastKnownFileType = unknown; name = argon.ttf; path = ../assets/fonts/argon.ttf; sourceTree = "<group>"; };
		6A54E732B5AE407BB8E16B39 /* RobotoCondensed-Light.ttf */ = {isa = PBXFileReference; explicitFileType = undefined; fileEncoding = undefined; includeInIndex = 0; lastKnownFileType = unknown; name = "RobotoCondensed-Light.ttf"; path = "../assets/fonts/RobotoCondensed-Light.ttf"; sourceTree = "<group>"; };
		70C0CF5C602C413DB3A72A7D /* Roboto-BoldItalic.ttf */ = {isa = PBXFileReference; explicitFileType = undefined; fileEncoding = undefined; includeInIndex = 0; lastKnownFileType = unknown; name = "Roboto-BoldItalic.ttf"; path = "../assets/fonts/Roboto-BoldItalic.ttf"; sourceTree = "<group>"; };
		79C1BE569F5A4D29B46330F7 /* RobotoCondensed-Italic.ttf */ = {isa = PBXFileReference; explicitFileType = undefined; fileEncoding = undefined; includeInIndex = 0; lastKnownFileType = unknown; name = "RobotoCondensed-Italic.ttf"; path = "../assets/fonts/RobotoCondensed-Italic.ttf"; sourceTree = "<group>"; };
		81AB9BB72411601600AC10FF /* LaunchScreen.storyboard */ = {isa = PBXFileReference; fileEncoding = 4; lastKnownFileType = file.storyboard; name = LaunchScreen.storyboard; path = reactNativeCycles/LaunchScreen.storyboard; sourceTree = "<group>"; };
		9446C3AB362F48FAA1B40E84 /* NotoSansJP-Medium.otf */ = {isa = PBXFileReference; explicitFileType = undefined; fileEncoding = undefined; includeInIndex = 0; lastKnownFileType = unknown; name = "NotoSansJP-Medium.otf"; path = "../assets/fonts/NotoSansJP-Medium.otf"; sourceTree = "<group>"; };
		9F2B5725ABA48CBCF588B67A /* Pods-reactNativeCycles-reactNativeCyclesTests.release.xcconfig */ = {isa = PBXFileReference; includeInIndex = 1; lastKnownFileType = text.xcconfig; name = "Pods-reactNativeCycles-reactNativeCyclesTests.release.xcconfig"; path = "Target Support Files/Pods-reactNativeCycles-reactNativeCyclesTests/Pods-reactNativeCycles-reactNativeCyclesTests.release.xcconfig"; sourceTree = "<group>"; };
		A8850C829AB7463BAEFF2902 /* Roboto-Italic.ttf */ = {isa = PBXFileReference; explicitFileType = undefined; fileEncoding = undefined; includeInIndex = 0; lastKnownFileType = unknown; name = "Roboto-Italic.ttf"; path = "../assets/fonts/Roboto-Italic.ttf"; sourceTree = "<group>"; };
		AAB291EF031F4B4AA553A9D3 /* Roboto-Light.ttf */ = {isa = PBXFileReference; explicitFileType = undefined; fileEncoding = undefined; includeInIndex = 0; lastKnownFileType = unknown; name = "Roboto-Light.ttf"; path = "../assets/fonts/Roboto-Light.ttf"; sourceTree = "<group>"; };
		CB898B5F7D524164BC02D5B8 /* Roboto-Black.ttf */ = {isa = PBXFileReference; explicitFileType = undefined; fileEncoding = undefined; includeInIndex = 0; lastKnownFileType = unknown; name = "Roboto-Black.ttf"; path = "../assets/fonts/Roboto-Black.ttf"; sourceTree = "<group>"; };
		CD42109FB7F14E578AFC5431 /* Roboto-Bold.ttf */ = {isa = PBXFileReference; explicitFileType = undefined; fileEncoding = undefined; includeInIndex = 0; lastKnownFileType = unknown; name = "Roboto-Bold.ttf"; path = "../assets/fonts/Roboto-Bold.ttf"; sourceTree = "<group>"; };
		D514337E99534B71A4FF66FA /* Roboto-LightItalic.ttf */ = {isa = PBXFileReference; explicitFileType = undefined; fileEncoding = undefined; includeInIndex = 0; lastKnownFileType = unknown; name = "Roboto-LightItalic.ttf"; path = "../assets/fonts/Roboto-LightItalic.ttf"; sourceTree = "<group>"; };
		D66B2A083C06899AB38862E0 /* Pods-reactNativeCycles.release.xcconfig */ = {isa = PBXFileReference; includeInIndex = 1; lastKnownFileType = text.xcconfig; name = "Pods-reactNativeCycles.release.xcconfig"; path = "Target Support Files/Pods-reactNativeCycles/Pods-reactNativeCycles.release.xcconfig"; sourceTree = "<group>"; };
		D74316DF1022477699956BBE /* NotoSansJP-Black.otf */ = {isa = PBXFileReference; explicitFileType = undefined; fileEncoding = undefined; includeInIndex = 0; lastKnownFileType = unknown; name = "NotoSansJP-Black.otf"; path = "../assets/fonts/NotoSansJP-Black.otf"; sourceTree = "<group>"; };
		E0266EA3F1904484B6FFDA78 /* RobotoCondensed-Bold.ttf */ = {isa = PBXFileReference; explicitFileType = undefined; fileEncoding = undefined; includeInIndex = 0; lastKnownFileType = unknown; name = "RobotoCondensed-Bold.ttf"; path = "../assets/fonts/RobotoCondensed-Bold.ttf"; sourceTree = "<group>"; };
		EA014D7E47DE43F599A4065B /* Roboto-Regular.ttf */ = {isa = PBXFileReference; explicitFileType = undefined; fileEncoding = undefined; includeInIndex = 0; lastKnownFileType = unknown; name = "Roboto-Regular.ttf"; path = "../assets/fonts/Roboto-Regular.ttf"; sourceTree = "<group>"; };
		ED297162215061F000B7C4FE /* JavaScriptCore.framework */ = {isa = PBXFileReference; lastKnownFileType = wrapper.framework; name = JavaScriptCore.framework; path = System/Library/Frameworks/JavaScriptCore.framework; sourceTree = SDKROOT; };
		EE9C2B25997B43DCBBF993D3 /* Roboto-Medium.ttf */ = {isa = PBXFileReference; explicitFileType = undefined; fileEncoding = undefined; includeInIndex = 0; lastKnownFileType = unknown; name = "Roboto-Medium.ttf"; path = "../assets/fonts/Roboto-Medium.ttf"; sourceTree = "<group>"; };
		EFB00F368D304A6F840FABEB /* RobotoCondensed-BoldItalic.ttf */ = {isa = PBXFileReference; explicitFileType = undefined; fileEncoding = undefined; includeInIndex = 0; lastKnownFileType = unknown; name = "RobotoCondensed-BoldItalic.ttf"; path = "../assets/fonts/RobotoCondensed-BoldItalic.ttf"; sourceTree = "<group>"; };
		F39C8716876B4E738B2DA415 /* RobotoCondensed-LightItalic.ttf */ = {isa = PBXFileReference; explicitFileType = undefined; fileEncoding = undefined; includeInIndex = 0; lastKnownFileType = unknown; name = "RobotoCondensed-LightItalic.ttf"; path = "../assets/fonts/RobotoCondensed-LightItalic.ttf"; sourceTree = "<group>"; };
		F666D598E4F644E0AAD1C552 /* Roboto-Thin.ttf */ = {isa = PBXFileReference; explicitFileType = undefined; fileEncoding = undefined; includeInIndex = 0; lastKnownFileType = unknown; name = "Roboto-Thin.ttf"; path = "../assets/fonts/Roboto-Thin.ttf"; sourceTree = "<group>"; };
/* End PBXFileReference section */

/* Begin PBXFrameworksBuildPhase section */
		00E356EB1AD99517003FC87E /* Frameworks */ = {
			isa = PBXFrameworksBuildPhase;
			buildActionMask = 2147483647;
			files = (
				4A0F9909A4D95C7D37B414D9 /* libPods-reactNativeCycles-reactNativeCyclesTests.a in Frameworks */,
			);
			runOnlyForDeploymentPostprocessing = 0;
		};
		13B07F8C1A680F5B00A75B9A /* Frameworks */ = {
			isa = PBXFrameworksBuildPhase;
			buildActionMask = 2147483647;
			files = (
				511BEF3CD15DE15FEBC385BE /* libPods-reactNativeCycles.a in Frameworks */,
			);
			runOnlyForDeploymentPostprocessing = 0;
		};
/* End PBXFrameworksBuildPhase section */

/* Begin PBXGroup section */
		00E356EF1AD99517003FC87E /* reactNativeCyclesTests */ = {
			isa = PBXGroup;
			children = (
				00E356F21AD99517003FC87E /* reactNativeCyclesTests.m */,
				00E356F01AD99517003FC87E /* Supporting Files */,
			);
			path = reactNativeCyclesTests;
			sourceTree = "<group>";
		};
		00E356F01AD99517003FC87E /* Supporting Files */ = {
			isa = PBXGroup;
			children = (
				00E356F11AD99517003FC87E /* Info.plist */,
			);
			name = "Supporting Files";
			sourceTree = "<group>";
		};
		13B07FAE1A68108700A75B9A /* reactNativeCycles */ = {
			isa = PBXGroup;
			children = (
				13B07FAF1A68108700A75B9A /* AppDelegate.h */,
				13B07FB01A68108700A75B9A /* AppDelegate.m */,
				13B07FB51A68108700A75B9A /* Images.xcassets */,
				13B07FB61A68108700A75B9A /* Info.plist */,
				81AB9BB72411601600AC10FF /* LaunchScreen.storyboard */,
				13B07FB71A68108700A75B9A /* main.m */,
			);
			name = reactNativeCycles;
			sourceTree = "<group>";
		};
		1AFDAD7F1475A127BE33B289 /* Pods */ = {
			isa = PBXGroup;
			children = (
				537245B8D934C6D06D53B863 /* Pods-reactNativeCycles.debug.xcconfig */,
				D66B2A083C06899AB38862E0 /* Pods-reactNativeCycles.release.xcconfig */,
				3EA80CCF8E201F1892DA5CBA /* Pods-reactNativeCycles-reactNativeCyclesTests.debug.xcconfig */,
				9F2B5725ABA48CBCF588B67A /* Pods-reactNativeCycles-reactNativeCyclesTests.release.xcconfig */,
			);
			name = Pods;
			path = Pods;
			sourceTree = "<group>";
		};
		2D16E6871FA4F8E400B85C8A /* Frameworks */ = {
			isa = PBXGroup;
			children = (
				ED297162215061F000B7C4FE /* JavaScriptCore.framework */,
				0D90C76561A28878B7377728 /* libPods-reactNativeCycles.a */,
				5C73EF4E78A84486606B656B /* libPods-reactNativeCycles-reactNativeCyclesTests.a */,
			);
			name = Frameworks;
			sourceTree = "<group>";
		};
		832341AE1AAA6A7D00B99B32 /* Libraries */ = {
			isa = PBXGroup;
			children = (
			);
			name = Libraries;
			sourceTree = "<group>";
		};
		83CBB9F61A601CBA00E9B192 = {
			isa = PBXGroup;
			children = (
				13B07FAE1A68108700A75B9A /* reactNativeCycles */,
				832341AE1AAA6A7D00B99B32 /* Libraries */,
				00E356EF1AD99517003FC87E /* reactNativeCyclesTests */,
				83CBBA001A601CBA00E9B192 /* Products */,
				2D16E6871FA4F8E400B85C8A /* Frameworks */,
				C3C60920ED07495BB7BA7241 /* Resources */,
				1AFDAD7F1475A127BE33B289 /* Pods */,
			);
			indentWidth = 2;
			sourceTree = "<group>";
			tabWidth = 2;
			usesTabs = 0;
		};
		83CBBA001A601CBA00E9B192 /* Products */ = {
			isa = PBXGroup;
			children = (
				13B07F961A680F5B00A75B9A /* reactNativeCycles.app */,
				00E356EE1AD99517003FC87E /* reactNativeCyclesTests.xctest */,
			);
			name = Products;
			sourceTree = "<group>";
		};
		C3C60920ED07495BB7BA7241 /* Resources */ = {
			isa = PBXGroup;
			children = (
				D74316DF1022477699956BBE /* NotoSansJP-Black.otf */,
				3829140211304B59B55D2C7B /* NotoSansJP-Bold.otf */,
				1FA1B13F70EC44E0BE881354 /* NotoSansJP-Light.otf */,
				9446C3AB362F48FAA1B40E84 /* NotoSansJP-Medium.otf */,
				43596F0CA4BC4863AC25F545 /* NotoSansJP-Regular.otf */,
				2383A3DBC948425D968DF85C /* NotoSansJP-Thin.otf */,
				CB898B5F7D524164BC02D5B8 /* Roboto-Black.ttf */,
				CD42109FB7F14E578AFC5431 /* Roboto-Bold.ttf */,
				EE9C2B25997B43DCBBF993D3 /* Roboto-Medium.ttf */,
				EA014D7E47DE43F599A4065B /* Roboto-Regular.ttf */,
				673F8F7DDAD5486B84BF2049 /* argon.ttf */,
				256FD75501954310B076D085 /* Roboto-BlackItalic.ttf */,
				70C0CF5C602C413DB3A72A7D /* Roboto-BoldItalic.ttf */,
				A8850C829AB7463BAEFF2902 /* Roboto-Italic.ttf */,
				AAB291EF031F4B4AA553A9D3 /* Roboto-Light.ttf */,
				D514337E99534B71A4FF66FA /* Roboto-LightItalic.ttf */,
				2FD7992673484FDA84BE3EE0 /* Roboto-MediumItalic.ttf */,
				F666D598E4F644E0AAD1C552 /* Roboto-Thin.ttf */,
				56B386E6864B476F9F6C4246 /* Roboto-ThinItalic.ttf */,
				E0266EA3F1904484B6FFDA78 /* RobotoCondensed-Bold.ttf */,
				EFB00F368D304A6F840FABEB /* RobotoCondensed-BoldItalic.ttf */,
				79C1BE569F5A4D29B46330F7 /* RobotoCondensed-Italic.ttf */,
				6A54E732B5AE407BB8E16B39 /* RobotoCondensed-Light.ttf */,
				F39C8716876B4E738B2DA415 /* RobotoCondensed-LightItalic.ttf */,
				0746DA792E9945D4971E9926 /* RobotoCondensed-Regular.ttf */,
			);
			name = Resources;
			path = "";
			sourceTree = "<group>";
		};
/* End PBXGroup section */

/* Begin PBXNativeTarget section */
		00E356ED1AD99517003FC87E /* reactNativeCyclesTests */ = {
			isa = PBXNativeTarget;
			buildConfigurationList = 00E357021AD99517003FC87E /* Build configuration list for PBXNativeTarget "reactNativeCyclesTests" */;
			buildPhases = (
				E7F9C278A0C17ADEE8337655 /* [CP] Check Pods Manifest.lock */,
				00E356EA1AD99517003FC87E /* Sources */,
				00E356EB1AD99517003FC87E /* Frameworks */,
				00E356EC1AD99517003FC87E /* Resources */,
				BBFE08188C30E60BEB082FDC /* [CP] Embed Pods Frameworks */,
				3A29A12E8036FEF5EDCE13BF /* [CP] Copy Pods Resources */,
			);
			buildRules = (
			);
			dependencies = (
				00E356F51AD99517003FC87E /* PBXTargetDependency */,
			);
			name = reactNativeCyclesTests;
			productName = reactNativeCyclesTests;
			productReference = 00E356EE1AD99517003FC87E /* reactNativeCyclesTests.xctest */;
			productType = "com.apple.product-type.bundle.unit-test";
		};
		13B07F861A680F5B00A75B9A /* reactNativeCycles */ = {
			isa = PBXNativeTarget;
			buildConfigurationList = 13B07F931A680F5B00A75B9A /* Build configuration list for PBXNativeTarget "reactNativeCycles" */;
			buildPhases = (
				B440A1B9BF087457BD234CEA /* [CP] Check Pods Manifest.lock */,
				FD10A7F022414F080027D42C /* Start Packager */,
				13B07F871A680F5B00A75B9A /* Sources */,
				13B07F8C1A680F5B00A75B9A /* Frameworks */,
				13B07F8E1A680F5B00A75B9A /* Resources */,
				00DD1BFF1BD5951E006B06BC /* Bundle React Native code and images */,
				745E1B5ECEA16CB6E6BF2324 /* [CP] Embed Pods Frameworks */,
				9FAC164F0E6A8325FD50F7E8 /* [CP] Copy Pods Resources */,
			);
			buildRules = (
			);
			dependencies = (
			);
			name = reactNativeCycles;
			productName = reactNativeCycles;
			productReference = 13B07F961A680F5B00A75B9A /* reactNativeCycles.app */;
			productType = "com.apple.product-type.application";
		};
/* End PBXNativeTarget section */

/* Begin PBXProject section */
		83CBB9F71A601CBA00E9B192 /* Project object */ = {
			isa = PBXProject;
			attributes = {
				LastUpgradeCheck = 1210;
				TargetAttributes = {
					00E356ED1AD99517003FC87E = {
						CreatedOnToolsVersion = 6.2;
						TestTargetID = 13B07F861A680F5B00A75B9A;
					};
					13B07F861A680F5B00A75B9A = {
						LastSwiftMigration = 1120;
					};
				};
			};
			buildConfigurationList = 83CBB9FA1A601CBA00E9B192 /* Build configuration list for PBXProject "reactNativeCycles" */;
			compatibilityVersion = "Xcode 12.0";
			developmentRegion = en;
			hasScannedForEncodings = 0;
			knownRegions = (
				en,
				Base,
			);
			mainGroup = 83CBB9F61A601CBA00E9B192;
			productRefGroup = 83CBBA001A601CBA00E9B192 /* Products */;
			projectDirPath = "";
			projectRoot = "";
			targets = (
				13B07F861A680F5B00A75B9A /* reactNativeCycles */,
				00E356ED1AD99517003FC87E /* reactNativeCyclesTests */,
			);
		};
/* End PBXProject section */

/* Begin PBXResourcesBuildPhase section */
		00E356EC1AD99517003FC87E /* Resources */ = {
			isa = PBXResourcesBuildPhase;
			buildActionMask = 2147483647;
			files = (
			);
			runOnlyForDeploymentPostprocessing = 0;
		};
		13B07F8E1A680F5B00A75B9A /* Resources */ = {
			isa = PBXResourcesBuildPhase;
			buildActionMask = 2147483647;
			files = (
				81AB9BB82411601600AC10FF /* LaunchScreen.storyboard in Resources */,
				13B07FBF1A68108700A75B9A /* Images.xcassets in Resources */,
				B880834C1AA74CE2869F8D29 /* NotoSansJP-Black.otf in Resources */,
				694C926A1B854AC7A9834C1C /* NotoSansJP-Bold.otf in Resources */,
				21B4735DAADB493782D04DDA /* NotoSansJP-Light.otf in Resources */,
				3D77CC37DA014777B43CBAC5 /* NotoSansJP-Medium.otf in Resources */,
				263EFCC7A47E4FBFB14753C7 /* NotoSansJP-Regular.otf in Resources */,
				1D4A8B5149844D058537FF37 /* NotoSansJP-Thin.otf in Resources */,
				57AD37A075AE4A89BB3D6CC4 /* Roboto-Black.ttf in Resources */,
				85A35E68D80047F4BE01FD63 /* Roboto-Bold.ttf in Resources */,
				D8DB8357310C4E16A8A5E8D0 /* Roboto-Medium.ttf in Resources */,
				8C87CF50C69849D7B7C784FE /* Roboto-Regular.ttf in Resources */,
				F20D668BBBD34830A99E58AA /* argon.ttf in Resources */,
				90A510532A11491BBF184089 /* Roboto-BlackItalic.ttf in Resources */,
				B487C7BDC24B4826BD149384 /* Roboto-BoldItalic.ttf in Resources */,
				45D2ACD3240A4C8FBE17DE32 /* Roboto-Italic.ttf in Resources */,
				308616D805FD4288983F19F6 /* Roboto-Light.ttf in Resources */,
				94CFEB65A84B4115989E4859 /* Roboto-LightItalic.ttf in Resources */,
				937F8AEF28C64368BD33F7E2 /* Roboto-MediumItalic.ttf in Resources */,
				FA67CBD51938426A9C413084 /* Roboto-Thin.ttf in Resources */,
				2ED6181244774F6C929C3997 /* Roboto-ThinItalic.ttf in Resources */,
				7EB81BF3EDE243D8A524CE8A /* RobotoCondensed-Bold.ttf in Resources */,
				B679B35D33434F529E8D8709 /* RobotoCondensed-BoldItalic.ttf in Resources */,
				DD1C93CEE95D458DA2C6DAEF /* RobotoCondensed-Italic.ttf in Resources */,
				DF9CA42CD77D4BAE8AAA5A44 /* RobotoCondensed-Light.ttf in Resources */,
				9B613CD24D4A4109895BEFEC /* RobotoCondensed-LightItalic.ttf in Resources */,
				20895CCFF3984FFF9CABBF26 /* RobotoCondensed-Regular.ttf in Resources */,
			);
			runOnlyForDeploymentPostprocessing = 0;
		};
/* End PBXResourcesBuildPhase section */

/* Begin PBXShellScriptBuildPhase section */
		00DD1BFF1BD5951E006B06BC /* Bundle React Native code and images */ = {
			isa = PBXShellScriptBuildPhase;
			buildActionMask = 2147483647;
			files = (
			);
			inputPaths = (
			);
			name = "Bundle React Native code and images";
			outputPaths = (
			);
			runOnlyForDeploymentPostprocessing = 0;
			shellPath = /bin/sh;
			shellScript = "set -e\n\nexport NODE_BINARY=node\n../node_modules/react-native/scripts/react-native-xcode.sh\n";
		};
		3A29A12E8036FEF5EDCE13BF /* [CP] Copy Pods Resources */ = {
			isa = PBXShellScriptBuildPhase;
			buildActionMask = 2147483647;
			files = (
			);
			inputFileListPaths = (
				"${PODS_ROOT}/Target Support Files/Pods-reactNativeCycles-reactNativeCyclesTests/Pods-reactNativeCycles-reactNativeCyclesTests-resources-${CONFIGURATION}-input-files.xcfilelist",
			);
			name = "[CP] Copy Pods Resources";
			outputFileListPaths = (
				"${PODS_ROOT}/Target Support Files/Pods-reactNativeCycles-reactNativeCyclesTests/Pods-reactNativeCycles-reactNativeCyclesTests-resources-${CONFIGURATION}-output-files.xcfilelist",
			);
			runOnlyForDeploymentPostprocessing = 0;
			shellPath = /bin/sh;
			shellScript = "\"${PODS_ROOT}/Target Support Files/Pods-reactNativeCycles-reactNativeCyclesTests/Pods-reactNativeCycles-reactNativeCyclesTests-resources.sh\"\n";
			showEnvVarsInLog = 0;
		};
		745E1B5ECEA16CB6E6BF2324 /* [CP] Embed Pods Frameworks */ = {
			isa = PBXShellScriptBuildPhase;
			buildActionMask = 2147483647;
			files = (
			);
			inputFileListPaths = (
				"${PODS_ROOT}/Target Support Files/Pods-reactNativeCycles/Pods-reactNativeCycles-frameworks-${CONFIGURATION}-input-files.xcfilelist",
			);
			name = "[CP] Embed Pods Frameworks";
			outputFileListPaths = (
				"${PODS_ROOT}/Target Support Files/Pods-reactNativeCycles/Pods-reactNativeCycles-frameworks-${CONFIGURATION}-output-files.xcfilelist",
			);
			runOnlyForDeploymentPostprocessing = 0;
			shellPath = /bin/sh;
			shellScript = "\"${PODS_ROOT}/Target Support Files/Pods-reactNativeCycles/Pods-reactNativeCycles-frameworks.sh\"\n";
			showEnvVarsInLog = 0;
		};
		9FAC164F0E6A8325FD50F7E8 /* [CP] Copy Pods Resources */ = {
			isa = PBXShellScriptBuildPhase;
			buildActionMask = 2147483647;
			files = (
			);
			inputFileListPaths = (
				"${PODS_ROOT}/Target Support Files/Pods-reactNativeCycles/Pods-reactNativeCycles-resources-${CONFIGURATION}-input-files.xcfilelist",
			);
			name = "[CP] Copy Pods Resources";
			outputFileListPaths = (
				"${PODS_ROOT}/Target Support Files/Pods-reactNativeCycles/Pods-reactNativeCycles-resources-${CONFIGURATION}-output-files.xcfilelist",
			);
			runOnlyForDeploymentPostprocessing = 0;
			shellPath = /bin/sh;
			shellScript = "\"${PODS_ROOT}/Target Support Files/Pods-reactNativeCycles/Pods-reactNativeCycles-resources.sh\"\n";
			showEnvVarsInLog = 0;
		};
		B440A1B9BF087457BD234CEA /* [CP] Check Pods Manifest.lock */ = {
			isa = PBXShellScriptBuildPhase;
			buildActionMask = 2147483647;
			files = (
			);
			inputFileListPaths = (
			);
			inputPaths = (
				"${PODS_PODFILE_DIR_PATH}/Podfile.lock",
				"${PODS_ROOT}/Manifest.lock",
			);
			name = "[CP] Check Pods Manifest.lock";
			outputFileListPaths = (
			);
			outputPaths = (
				"$(DERIVED_FILE_DIR)/Pods-reactNativeCycles-checkManifestLockResult.txt",
			);
			runOnlyForDeploymentPostprocessing = 0;
			shellPath = /bin/sh;
			shellScript = "diff \"${PODS_PODFILE_DIR_PATH}/Podfile.lock\" \"${PODS_ROOT}/Manifest.lock\" > /dev/null\nif [ $? != 0 ] ; then\n    # print error to STDERR\n    echo \"error: The sandbox is not in sync with the Podfile.lock. Run 'pod install' or update your CocoaPods installation.\" >&2\n    exit 1\nfi\n# This output is used by Xcode 'outputs' to avoid re-running this script phase.\necho \"SUCCESS\" > \"${SCRIPT_OUTPUT_FILE_0}\"\n";
			showEnvVarsInLog = 0;
		};
		BBFE08188C30E60BEB082FDC /* [CP] Embed Pods Frameworks */ = {
			isa = PBXShellScriptBuildPhase;
			buildActionMask = 2147483647;
			files = (
			);
			inputFileListPaths = (
				"${PODS_ROOT}/Target Support Files/Pods-reactNativeCycles-reactNativeCyclesTests/Pods-reactNativeCycles-reactNativeCyclesTests-frameworks-${CONFIGURATION}-input-files.xcfilelist",
			);
			name = "[CP] Embed Pods Frameworks";
			outputFileListPaths = (
				"${PODS_ROOT}/Target Support Files/Pods-reactNativeCycles-reactNativeCyclesTests/Pods-reactNativeCycles-reactNativeCyclesTests-frameworks-${CONFIGURATION}-output-files.xcfilelist",
			);
			runOnlyForDeploymentPostprocessing = 0;
			shellPath = /bin/sh;
			shellScript = "\"${PODS_ROOT}/Target Support Files/Pods-reactNativeCycles-reactNativeCyclesTests/Pods-reactNativeCycles-reactNativeCyclesTests-frameworks.sh\"\n";
			showEnvVarsInLog = 0;
		};
		E7F9C278A0C17ADEE8337655 /* [CP] Check Pods Manifest.lock */ = {
			isa = PBXShellScriptBuildPhase;
			buildActionMask = 2147483647;
			files = (
			);
			inputFileListPaths = (
			);
			inputPaths = (
				"${PODS_PODFILE_DIR_PATH}/Podfile.lock",
				"${PODS_ROOT}/Manifest.lock",
			);
			name = "[CP] Check Pods Manifest.lock";
			outputFileListPaths = (
			);
			outputPaths = (
				"$(DERIVED_FILE_DIR)/Pods-reactNativeCycles-reactNativeCyclesTests-checkManifestLockResult.txt",
			);
			runOnlyForDeploymentPostprocessing = 0;
			shellPath = /bin/sh;
			shellScript = "diff \"${PODS_PODFILE_DIR_PATH}/Podfile.lock\" \"${PODS_ROOT}/Manifest.lock\" > /dev/null\nif [ $? != 0 ] ; then\n    # print error to STDERR\n    echo \"error: The sandbox is not in sync with the Podfile.lock. Run 'pod install' or update your CocoaPods installation.\" >&2\n    exit 1\nfi\n# This output is used by Xcode 'outputs' to avoid re-running this script phase.\necho \"SUCCESS\" > \"${SCRIPT_OUTPUT_FILE_0}\"\n";
			showEnvVarsInLog = 0;
		};
		FD10A7F022414F080027D42C /* Start Packager */ = {
			isa = PBXShellScriptBuildPhase;
			buildActionMask = 2147483647;
			files = (
			);
			inputFileListPaths = (
			);
			inputPaths = (
			);
			name = "Start Packager";
			outputFileListPaths = (
			);
			outputPaths = (
			);
			runOnlyForDeploymentPostprocessing = 0;
			shellPath = /bin/sh;
			shellScript = "export RCT_METRO_PORT=\"${RCT_METRO_PORT:=8081}\"\necho \"export RCT_METRO_PORT=${RCT_METRO_PORT}\" > \"${SRCROOT}/../node_modules/react-native/scripts/.packager.env\"\nif [ -z \"${RCT_NO_LAUNCH_PACKAGER+xxx}\" ] ; then\n  if nc -w 5 -z localhost ${RCT_METRO_PORT} ; then\n    if ! curl -s \"http://localhost:${RCT_METRO_PORT}/status\" | grep -q \"packager-status:running\" ; then\n      echo \"Port ${RCT_METRO_PORT} already in use, packager is either not running or not running correctly\"\n      exit 2\n    fi\n  else\n    open \"$SRCROOT/../node_modules/react-native/scripts/launchPackager.command\" || echo \"Can't start packager automatically\"\n  fi\nfi\n";
			showEnvVarsInLog = 0;
		};
/* End PBXShellScriptBuildPhase section */

/* Begin PBXSourcesBuildPhase section */
		00E356EA1AD99517003FC87E /* Sources */ = {
			isa = PBXSourcesBuildPhase;
			buildActionMask = 2147483647;
			files = (
				00E356F31AD99517003FC87E /* reactNativeCyclesTests.m in Sources */,
			);
			runOnlyForDeploymentPostprocessing = 0;
		};
		13B07F871A680F5B00A75B9A /* Sources */ = {
			isa = PBXSourcesBuildPhase;
			buildActionMask = 2147483647;
			files = (
				13B07FBC1A68108700A75B9A /* AppDelegate.m in Sources */,
				13B07FC11A68108700A75B9A /* main.m in Sources */,
			);
			runOnlyForDeploymentPostprocessing = 0;
		};
/* End PBXSourcesBuildPhase section */

/* Begin PBXTargetDependency section */
		00E356F51AD99517003FC87E /* PBXTargetDependency */ = {
			isa = PBXTargetDependency;
			target = 13B07F861A680F5B00A75B9A /* reactNativeCycles */;
			targetProxy = 00E356F41AD99517003FC87E /* PBXContainerItemProxy */;
		};
/* End PBXTargetDependency section */

/* Begin XCBuildConfiguration section */
		00E356F61AD99517003FC87E /* Debug */ = {
			isa = XCBuildConfiguration;
			baseConfigurationReference = 3EA80CCF8E201F1892DA5CBA /* Pods-reactNativeCycles-reactNativeCyclesTests.debug.xcconfig */;
			buildSettings = {
				BUNDLE_LOADER = "$(TEST_HOST)";
				GCC_PREPROCESSOR_DEFINITIONS = (
					"DEBUG=1",
					"$(inherited)",
				);
				INFOPLIST_FILE = reactNativeCyclesTests/Info.plist;
				IPHONEOS_DEPLOYMENT_TARGET = 10.0;
				LD_RUNPATH_SEARCH_PATHS = (
					"$(inherited)",
					"@executable_path/Frameworks",
					"@loader_path/Frameworks",
				);
				OTHER_LDFLAGS = (
					"-ObjC",
					"-lc++",
					"$(inherited)",
				);
				PRODUCT_BUNDLE_IDENTIFIER = "org.reactjs.native.example.$(PRODUCT_NAME:rfc1034identifier)";
				PRODUCT_NAME = "$(TARGET_NAME)";
				TEST_HOST = "$(BUILT_PRODUCTS_DIR)/reactNativeCycles.app/reactNativeCycles";
			};
			name = Debug;
		};
		00E356F71AD99517003FC87E /* Release */ = {
			isa = XCBuildConfiguration;
			baseConfigurationReference = 9F2B5725ABA48CBCF588B67A /* Pods-reactNativeCycles-reactNativeCyclesTests.release.xcconfig */;
			buildSettings = {
				BUNDLE_LOADER = "$(TEST_HOST)";
				COPY_PHASE_STRIP = NO;
				INFOPLIST_FILE = reactNativeCyclesTests/Info.plist;
				IPHONEOS_DEPLOYMENT_TARGET = 10.0;
				LD_RUNPATH_SEARCH_PATHS = (
					"$(inherited)",
					"@executable_path/Frameworks",
					"@loader_path/Frameworks",
				);
				OTHER_LDFLAGS = (
					"-ObjC",
					"-lc++",
					"$(inherited)",
				);
				PRODUCT_BUNDLE_IDENTIFIER = "org.reactjs.native.example.$(PRODUCT_NAME:rfc1034identifier)";
				PRODUCT_NAME = "$(TARGET_NAME)";
				TEST_HOST = "$(BUILT_PRODUCTS_DIR)/reactNativeCycles.app/reactNativeCycles";
			};
			name = Release;
		};
		13B07F941A680F5B00A75B9A /* Debug */ = {
			isa = XCBuildConfiguration;
			baseConfigurationReference = 537245B8D934C6D06D53B863 /* Pods-reactNativeCycles.debug.xcconfig */;
			buildSettings = {
				ASSETCATALOG_COMPILER_APPICON_NAME = AppIcon;
				CLANG_ENABLE_MODULES = YES;
				CURRENT_PROJECT_VERSION = 1;
				ENABLE_BITCODE = NO;
				INFOPLIST_FILE = reactNativeCycles/Info.plist;
				LD_RUNPATH_SEARCH_PATHS = (
					"$(inherited)",
					"@executable_path/Frameworks",
				);
				OTHER_LDFLAGS = (
					"$(inherited)",
					"-ObjC",
					"-lc++",
				);
				PRODUCT_BUNDLE_IDENTIFIER = "org.reactjs.native.example.$(PRODUCT_NAME:rfc1034identifier)";
				PRODUCT_NAME = reactNativeCycles;
				SWIFT_OPTIMIZATION_LEVEL = "-Onone";
				SWIFT_VERSION = 5.0;
				VERSIONING_SYSTEM = "apple-generic";
			};
			name = Debug;
		};
		13B07F951A680F5B00A75B9A /* Release */ = {
			isa = XCBuildConfiguration;
			baseConfigurationReference = D66B2A083C06899AB38862E0 /* Pods-reactNativeCycles.release.xcconfig */;
			buildSettings = {
				ASSETCATALOG_COMPILER_APPICON_NAME = AppIcon;
				CLANG_ENABLE_MODULES = YES;
				CURRENT_PROJECT_VERSION = 1;
				INFOPLIST_FILE = reactNativeCycles/Info.plist;
				LD_RUNPATH_SEARCH_PATHS = (
					"$(inherited)",
					"@executable_path/Frameworks",
				);
				OTHER_LDFLAGS = (
					"$(inherited)",
					"-ObjC",
					"-lc++",
				);
				PRODUCT_BUNDLE_IDENTIFIER = "org.reactjs.native.example.$(PRODUCT_NAME:rfc1034identifier)";
				PRODUCT_NAME = reactNativeCycles;
				SWIFT_VERSION = 5.0;
				VERSIONING_SYSTEM = "apple-generic";
			};
			name = Release;
		};
		83CBBA201A601CBA00E9B192 /* Debug */ = {
			isa = XCBuildConfiguration;
			buildSettings = {
				ALWAYS_SEARCH_USER_PATHS = NO;
				CLANG_ANALYZER_LOCALIZABILITY_NONLOCALIZED = YES;
				CLANG_CXX_LANGUAGE_STANDARD = "gnu++0x";
				CLANG_CXX_LIBRARY = "libc++";
				CLANG_ENABLE_MODULES = YES;
				CLANG_ENABLE_OBJC_ARC = YES;
				CLANG_WARN_BLOCK_CAPTURE_AUTORELEASING = YES;
				CLANG_WARN_BOOL_CONVERSION = YES;
				CLANG_WARN_COMMA = YES;
				CLANG_WARN_CONSTANT_CONVERSION = YES;
				CLANG_WARN_DEPRECATED_OBJC_IMPLEMENTATIONS = YES;
				CLANG_WARN_DIRECT_OBJC_ISA_USAGE = YES_ERROR;
				CLANG_WARN_EMPTY_BODY = YES;
				CLANG_WARN_ENUM_CONVERSION = YES;
				CLANG_WARN_INFINITE_RECURSION = YES;
				CLANG_WARN_INT_CONVERSION = YES;
				CLANG_WARN_NON_LITERAL_NULL_CONVERSION = YES;
				CLANG_WARN_OBJC_IMPLICIT_RETAIN_SELF = YES;
				CLANG_WARN_OBJC_LITERAL_CONVERSION = YES;
				CLANG_WARN_OBJC_ROOT_CLASS = YES_ERROR;
				CLANG_WARN_QUOTED_INCLUDE_IN_FRAMEWORK_HEADER = YES;
				CLANG_WARN_RANGE_LOOP_ANALYSIS = YES;
				CLANG_WARN_STRICT_PROTOTYPES = YES;
				CLANG_WARN_SUSPICIOUS_MOVE = YES;
				CLANG_WARN_UNREACHABLE_CODE = YES;
				CLANG_WARN__DUPLICATE_METHOD_MATCH = YES;
				"CODE_SIGN_IDENTITY[sdk=iphoneos*]" = "iPhone Developer";
				COPY_PHASE_STRIP = NO;
				ENABLE_STRICT_OBJC_MSGSEND = YES;
				ENABLE_TESTABILITY = YES;
				"EXCLUDED_ARCHS[sdk=iphonesimulator*]" = "";
				GCC_C_LANGUAGE_STANDARD = gnu99;
				GCC_DYNAMIC_NO_PIC = NO;
				GCC_NO_COMMON_BLOCKS = YES;
				GCC_OPTIMIZATION_LEVEL = 0;
				GCC_PREPROCESSOR_DEFINITIONS = (
					"DEBUG=1",
					"$(inherited)",
				);
				GCC_SYMBOLS_PRIVATE_EXTERN = NO;
				GCC_WARN_64_TO_32_BIT_CONVERSION = YES;
				GCC_WARN_ABOUT_RETURN_TYPE = YES_ERROR;
				GCC_WARN_UNDECLARED_SELECTOR = YES;
				GCC_WARN_UNINITIALIZED_AUTOS = YES_AGGRESSIVE;
				GCC_WARN_UNUSED_FUNCTION = YES;
				GCC_WARN_UNUSED_VARIABLE = YES;
				IPHONEOS_DEPLOYMENT_TARGET = 10.0;
				LD_RUNPATH_SEARCH_PATHS = (
					/usr/lib/swift,
					"$(inherited)",
				);
				LIBRARY_SEARCH_PATHS = (
					"\"$(TOOLCHAIN_DIR)/usr/lib/swift/$(PLATFORM_NAME)\"",
					"\"$(TOOLCHAIN_DIR)/usr/lib/swift-5.0/$(PLATFORM_NAME)\"",
					"\"$(inherited)\"",
				);
				MTL_ENABLE_DEBUG_INFO = YES;
				ONLY_ACTIVE_ARCH = YES;
				SDKROOT = iphoneos;
			};
			name = Debug;
		};
		83CBBA211A601CBA00E9B192 /* Release */ = {
			isa = XCBuildConfiguration;
			buildSettings = {
				ALWAYS_SEARCH_USER_PATHS = NO;
				CLANG_ANALYZER_LOCALIZABILITY_NONLOCALIZED = YES;
				CLANG_CXX_LANGUAGE_STANDARD = "gnu++0x";
				CLANG_CXX_LIBRARY = "libc++";
				CLANG_ENABLE_MODULES = YES;
				CLANG_ENABLE_OBJC_ARC = YES;
				CLANG_WARN_BLOCK_CAPTURE_AUTORELEASING = YES;
				CLANG_WARN_BOOL_CONVERSION = YES;
				CLANG_WARN_COMMA = YES;
				CLANG_WARN_CONSTANT_CONVERSION = YES;
				CLANG_WARN_DEPRECATED_OBJC_IMPLEMENTATIONS = YES;
				CLANG_WARN_DIRECT_OBJC_ISA_USAGE = YES_ERROR;
				CLANG_WARN_EMPTY_BODY = YES;
				CLANG_WARN_ENUM_CONVERSION = YES;
				CLANG_WARN_INFINITE_RECURSION = YES;
				CLANG_WARN_INT_CONVERSION = YES;
				CLANG_WARN_NON_LITERAL_NULL_CONVERSION = YES;
				CLANG_WARN_OBJC_IMPLICIT_RETAIN_SELF = YES;
				CLANG_WARN_OBJC_LITERAL_CONVERSION = YES;
				CLANG_WARN_OBJC_ROOT_CLASS = YES_ERROR;
				CLANG_WARN_QUOTED_INCLUDE_IN_FRAMEWORK_HEADER = YES;
				CLANG_WARN_RANGE_LOOP_ANALYSIS = YES;
				CLANG_WARN_STRICT_PROTOTYPES = YES;
				CLANG_WARN_SUSPICIOUS_MOVE = YES;
				CLANG_WARN_UNREACHABLE_CODE = YES;
				CLANG_WARN__DUPLICATE_METHOD_MATCH = YES;
				"CODE_SIGN_IDENTITY[sdk=iphoneos*]" = "iPhone Developer";
				COPY_PHASE_STRIP = YES;
				ENABLE_NS_ASSERTIONS = NO;
				ENABLE_STRICT_OBJC_MSGSEND = YES;
				"EXCLUDED_ARCHS[sdk=iphonesimulator*]" = "";
				GCC_C_LANGUAGE_STANDARD = gnu99;
				GCC_NO_COMMON_BLOCKS = YES;
				GCC_WARN_64_TO_32_BIT_CONVERSION = YES;
				GCC_WARN_ABOUT_RETURN_TYPE = YES_ERROR;
				GCC_WARN_UNDECLARED_SELECTOR = YES;
				GCC_WARN_UNINITIALIZED_AUTOS = YES_AGGRESSIVE;
				GCC_WARN_UNUSED_FUNCTION = YES;
				GCC_WARN_UNUSED_VARIABLE = YES;
				IPHONEOS_DEPLOYMENT_TARGET = 10.0;
				LD_RUNPATH_SEARCH_PATHS = (
					/usr/lib/swift,
					"$(inherited)",
				);
				LIBRARY_SEARCH_PATHS = (
					"\"$(TOOLCHAIN_DIR)/usr/lib/swift/$(PLATFORM_NAME)\"",
					"\"$(TOOLCHAIN_DIR)/usr/lib/swift-5.0/$(PLATFORM_NAME)\"",
					"\"$(inherited)\"",
				);
				MTL_ENABLE_DEBUG_INFO = NO;
				SDKROOT = iphoneos;
				VALIDATE_PRODUCT = YES;
			};
			name = Release;
		};
/* End XCBuildConfiguration section */

/* Begin XCConfigurationList section */
		00E357021AD99517003FC87E /* Build configuration list for PBXNativeTarget "reactNativeCyclesTests" */ = {
			isa = XCConfigurationList;
			buildConfigurations = (
				00E356F61AD99517003FC87E /* Debug */,
				00E356F71AD99517003FC87E /* Release */,
			);
			defaultConfigurationIsVisible = 0;
			defaultConfigurationName = Release;
		};
		13B07F931A680F5B00A75B9A /* Build configuration list for PBXNativeTarget "reactNativeCycles" */ = {
			isa = XCConfigurationList;
			buildConfigurations = (
				13B07F941A680F5B00A75B9A /* Debug */,
				13B07F951A680F5B00A75B9A /* Release */,
			);
			defaultConfigurationIsVisible = 0;
			defaultConfigurationName = Release;
		};
		83CBB9FA1A601CBA00E9B192 /* Build configuration list for PBXProject "reactNativeCycles" */ = {
			isa = XCConfigurationList;
			buildConfigurations = (
				83CBBA201A601CBA00E9B192 /* Debug */,
				83CBBA211A601CBA00E9B192 /* Release */,
			);
			defaultConfigurationIsVisible = 0;
			defaultConfigurationName = Release;
		};
/* End XCConfigurationList section */
	};
	rootObject = 83CBB9F71A601CBA00E9B192 /* Project object */;
}
